
Microsoft Visual Studio Solution File, Format Version 12.00
# Visual Studio Version 17
VisualStudioVersion = 17.8.34309.116
MinimumVisualStudioVersion = 10.0.40219.1
Project("{FAE04EC0-301F-11D3-BF4B-00C04F79EFBC}") = "DemoAndLab", "DemoAndLab\DemoAndLab.csproj", "{7C7DE711-55FE-499E-B096-DDC01E9998BC}"
EndProject
Global
	GlobalSection(SolutionConfigurationPlatforms) = preSolution
		Debug|Any CPU = Debug|Any CPU
		Release|Any CPU = Release|Any CPU
	EndGlobalSection
	GlobalSection(ProjectConfigurationPlatforms) = postSolution
		{7C7DE711-55FE-499E-B096-DDC01E9998BC}.Debug|Any CPU.ActiveCfg = Debug|Any CPU
		{7C7DE711-55FE-499E-B096-DDC01E9998BC}.Debug|Any CPU.Build.0 = Debug|Any CPU
		{7C7DE711-55FE-499E-B096-DDC01E9998BC}.Release|Any CPU.ActiveCfg = Release|Any CPU
		{7C7DE711-55FE-499E-B096-DDC01E9998BC}.Release|Any CPU.Build.0 = Release|Any CPU
	EndGlobalSection
	GlobalSection(SolutionProperties) = preSolution
		HideSolutionNode = FALSE
	EndGlobalSection
	GlobalSection(ExtensibilityGlobals) = postSolution
		SolutionGuid = {9A9321F4-87D2-472B-B9F7-AA5EC4C31A71}
	EndGlobalSection
EndGlobal
