
Microsoft Visual Studio Solution File, Format Version 12.00
# Visual Studio Version 17
VisualStudioVersion = 17.8.34309.116
MinimumVisualStudioVersion = 10.0.40219.1
Project("{FAE04EC0-301F-11D3-BF4B-00C04F79EFBC}") = "LabAndDemoBuoi05", "LabAndDemoBuoi05\LabAndDemoBuoi05.csproj", "{1C1795B6-D6F1-43F3-881F-58CFB4A70D20}"
EndProject
Global
	GlobalSection(SolutionConfigurationPlatforms) = preSolution
		Debug|Any CPU = Debug|Any CPU
		Release|Any CPU = Release|Any CPU
	EndGlobalSection
	GlobalSection(ProjectConfigurationPlatforms) = postSolution
		{1C1795B6-D6F1-43F3-881F-58CFB4A70D20}.Debug|Any CPU.ActiveCfg = Debug|Any CPU
		{1C1795B6-D6F1-43F3-881F-58CFB4A70D20}.Debug|Any CPU.Build.0 = Debug|Any CPU
		{1C1795B6-D6F1-43F3-881F-58CFB4A70D20}.Release|Any CPU.ActiveCfg = Release|Any CPU
		{1C1795B6-D6F1-43F3-881F-58CFB4A70D20}.Release|Any CPU.Build.0 = Release|Any CPU
	EndGlobalSection
	GlobalSection(SolutionProperties) = preSolution
		HideSolutionNode = FALSE
	EndGlobalSection
	GlobalSection(ExtensibilityGlobals) = postSolution
		SolutionGuid = {00B9A1E5-0B02-449B-9447-9A35F952E264}
	EndGlobalSection
EndGlobal
