
Microsoft Visual Studio Solution File, Format Version 12.00
# Visual Studio Version 17
VisualStudioVersion = 17.8.34309.116
MinimumVisualStudioVersion = 10.0.40219.1
Project("{FAE04EC0-301F-11D3-BF4B-00C04F79EFBC}") = "LayoutDemo", "LayoutDemo\LayoutDemo.csproj", "{8708475D-D203-4E2B-9A99-89578DF7A36C}"
EndProject
Global
	GlobalSection(SolutionConfigurationPlatforms) = preSolution
		Debug|Any CPU = Debug|Any CPU
		Release|Any CPU = Release|Any CPU
	EndGlobalSection
	GlobalSection(ProjectConfigurationPlatforms) = postSolution
		{8708475D-D203-4E2B-9A99-89578DF7A36C}.Debug|Any CPU.ActiveCfg = Debug|Any CPU
		{8708475D-D203-4E2B-9A99-89578DF7A36C}.Debug|Any CPU.Build.0 = Debug|Any CPU
		{8708475D-D203-4E2B-9A99-89578DF7A36C}.Release|Any CPU.ActiveCfg = Release|Any CPU
		{8708475D-D203-4E2B-9A99-89578DF7A36C}.Release|Any CPU.Build.0 = Release|Any CPU
	EndGlobalSection
	GlobalSection(SolutionProperties) = preSolution
		HideSolutionNode = FALSE
	EndGlobalSection
	GlobalSection(ExtensibilityGlobals) = postSolution
		SolutionGuid = {02153DFB-2976-45C6-A464-EF6A56525016}
	EndGlobalSection
EndGlobal
