
Microsoft Visual Studio Solution File, Format Version 12.00
# Visual Studio Version 17
VisualStudioVersion = 17.8.34309.116
MinimumVisualStudioVersion = 10.0.40219.1
Project("{FAE04EC0-301F-11D3-BF4B-00C04F79EFBC}") = "TruyenNhanDuLieu", "TruyenNhanDuLieu\TruyenNhanDuLieu.csproj", "{5B34ECAE-E2ED-4337-A089-0A5E71532ABB}"
EndProject
Global
	GlobalSection(SolutionConfigurationPlatforms) = preSolution
		Debug|Any CPU = Debug|Any CPU
		Release|Any CPU = Release|Any CPU
	EndGlobalSection
	GlobalSection(ProjectConfigurationPlatforms) = postSolution
		{5B34ECAE-E2ED-4337-A089-0A5E71532ABB}.Debug|Any CPU.ActiveCfg = Debug|Any CPU
		{5B34ECAE-E2ED-4337-A089-0A5E71532ABB}.Debug|Any CPU.Build.0 = Debug|Any CPU
		{5B34ECAE-E2ED-4337-A089-0A5E71532ABB}.Release|Any CPU.ActiveCfg = Release|Any CPU
		{5B34ECAE-E2ED-4337-A089-0A5E71532ABB}.Release|Any CPU.Build.0 = Release|Any CPU
	EndGlobalSection
	GlobalSection(SolutionProperties) = preSolution
		HideSolutionNode = FALSE
	EndGlobalSection
	GlobalSection(ExtensibilityGlobals) = postSolution
		SolutionGuid = {0D483831-1138-4880-8777-4FE7BD26C775}
	EndGlobalSection
EndGlobal
